// !$*UTF8*$!
{
	archiveVersion = 1;
	classes = {
	};
	objectVersion = 50;
	objects = {

/* Begin PBXBuildFile section */
		29928EED24D974FC0036A9F9 /* AppDelegate.swift in Sources */ = {isa = PBXBuildFile; fileRef = 29928EEC24D974FC0036A9F9 /* AppDelegate.swift */; };
		29928EEF24D974FC0036A9F9 /* SceneDelegate.swift in Sources */ = {isa = PBXBuildFile; fileRef = 29928EEE24D974FC0036A9F9 /* SceneDelegate.swift */; };
		29928EF124D974FC0036A9F9 /* ContentView.swift in Sources */ = {isa = PBXBuildFile; fileRef = 29928EF024D974FC0036A9F9 /* ContentView.swift */; };
		29928EF324D974FE0036A9F9 /* Assets.xcassets in Resources */ = {isa = PBXBuildFile; fileRef = 29928EF224D974FE0036A9F9 /* Assets.xcassets */; };
		29928EF624D974FE0036A9F9 /* Preview Assets.xcassets in Resources */ = {isa = PBXBuildFile; fileRef = 29928EF524D974FE0036A9F9 /* Preview Assets.xcassets */; };
		29928EF924D974FE0036A9F9 /* LaunchScreen.storyboard in Resources */ = {isa = PBXBuildFile; fileRef = 29928EF724D974FE0036A9F9 /* LaunchScreen.storyboard */; };
		29928F0124D992DA0036A9F9 /* HomeView.swift in Sources */ = {isa = PBXBuildFile; fileRef = 29928F0024D992DA0036A9F9 /* HomeView.swift */; };
		29928F0424D998750036A9F9 /* TotalView.swift in Sources */ = {isa = PBXBuildFile; fileRef = 29928F0324D998750036A9F9 /* TotalView.swift */; };
		29928F0924D9A6030036A9F9 /* CovidData.swift in Sources */ = {isa = PBXBuildFile; fileRef = 29928F0824D9A6030036A9F9 /* CovidData.swift */; };
		29928F0C24D9A84A0036A9F9 /* CovidManager.swift in Sources */ = {isa = PBXBuildFile; fileRef = 29928F0B24D9A84A0036A9F9 /* CovidManager.swift */; };
		29928F0E24D9B7830036A9F9 /* CovidModel.swift in Sources */ = {isa = PBXBuildFile; fileRef = 29928F0D24D9B7830036A9F9 /* CovidModel.swift */; };
/* End PBXBuildFile section */

/* Begin PBXFileReference section */
		29928EE924D974FC0036A9F9 /* COVID 19.app */ = {isa = PBXFileReference; explicitFileType = wrapper.application; includeInIndex = 0; path = "COVID 19.app"; sourceTree = BUILT_PRODUCTS_DIR; };
		29928EEC24D974FC0036A9F9 /* AppDelegate.swift */ = {isa = PBXFileReference; lastKnownFileType = sourcecode.swift; path = AppDelegate.swift; sourceTree = "<group>"; };
		29928EEE24D974FC0036A9F9 /* SceneDelegate.swift */ = {isa = PBXFileReference; lastKnownFileType = sourcecode.swift; path = SceneDelegate.swift; sourceTree = "<group>"; };
		29928EF024D974FC0036A9F9 /* ContentView.swift */ = {isa = PBXFileReference; lastKnownFileType = sourcecode.swift; path = ContentView.swift; sourceTree = "<group>"; };
		29928EF224D974FE0036A9F9 /* Assets.xcassets */ = {isa = PBXFileReference; lastKnownFileType = folder.assetcatalog; path = Assets.xcassets; sourceTree = "<group>"; };
		29928EF524D974FE0036A9F9 /* Preview Assets.xcassets */ = {isa = PBXFileReference; lastKnownFileType = folder.assetcatalog; path = "Preview Assets.xcassets"; sourceTree = "<group>"; };
		29928EF824D974FE0036A9F9 /* Base */ = {isa = PBXFileReference; lastKnownFileType = file.storyboard; name = Base; path = Base.lproj/LaunchScreen.storyboard; sourceTree = "<group>"; };
		29928EFA24D974FE0036A9F9 /* Info.plist */ = {isa = PBXFileReference; lastKnownFileType = text.plist.xml; path = Info.plist; sourceTree = "<group>"; };
		29928F0024D992DA0036A9F9 /* HomeView.swift */ = {isa = PBXFileReference; lastKnownFileType = sourcecode.swift; path = HomeView.swift; sourceTree = "<group>"; };
		29928F0324D998750036A9F9 /* TotalView.swift */ = {isa = PBXFileReference; lastKnownFileType = sourcecode.swift; path = TotalView.swift; sourceTree = "<group>"; };
		29928F0824D9A6030036A9F9 /* CovidData.swift */ = {isa = PBXFileReference; lastKnownFileType = sourcecode.swift; path = CovidData.swift; sourceTree = "<group>"; };
		29928F0B24D9A84A0036A9F9 /* CovidManager.swift */ = {isa = PBXFileReference; lastKnownFileType = sourcecode.swift; path = CovidManager.swift; sourceTree = "<group>"; };
		29928F0D24D9B7830036A9F9 /* CovidModel.swift */ = {isa = PBXFileReference; lastKnownFileType = sourcecode.swift; path = CovidModel.swift; sourceTree = "<group>"; };
/* End PBXFileReference section */

/* Begin PBXFrameworksBuildPhase section */
		29928EE624D974FC0036A9F9 /* Frameworks */ = {
			isa = PBXFrameworksBuildPhase;
			buildActionMask = 2147483647;
			files = (
			);
			runOnlyForDeploymentPostprocessing = 0;
		};
/* End PBXFrameworksBuildPhase section */

/* Begin PBXGroup section */
		29928EE024D974FC0036A9F9 = {
			isa = PBXGroup;
			children = (
				29928EEB24D974FC0036A9F9 /* COVID 19 */,
				29928EEA24D974FC0036A9F9 /* Products */,
			);
			sourceTree = "<group>";
		};
		29928EEA24D974FC0036A9F9 /* Products */ = {
			isa = PBXGroup;
			children = (
				29928EE924D974FC0036A9F9 /* COVID 19.app */,
			);
			name = Products;
			sourceTree = "<group>";
		};
		29928EEB24D974FC0036A9F9 /* COVID 19 */ = {
			isa = PBXGroup;
			children = (
				29928F0A24D9A6070036A9F9 /* Models */,
				29928F0224D992E40036A9F9 /* Views */,
				29928EF224D974FE0036A9F9 /* Assets.xcassets */,
				29928EEC24D974FC0036A9F9 /* AppDelegate.swift */,
				29928EEE24D974FC0036A9F9 /* SceneDelegate.swift */,
				29928EF724D974FE0036A9F9 /* LaunchScreen.storyboard */,
				29928EFA24D974FE0036A9F9 /* Info.plist */,
				29928EF424D974FE0036A9F9 /* Preview Content */,
			);
			path = "COVID 19";
			sourceTree = "<group>";
		};
		29928EF424D974FE0036A9F9 /* Preview Content */ = {
			isa = PBXGroup;
			children = (
				29928EF524D974FE0036A9F9 /* Preview Assets.xcassets */,
			);
			path = "Preview Content";
			sourceTree = "<group>";
		};
		29928F0224D992E40036A9F9 /* Views */ = {
			isa = PBXGroup;
			children = (
				29928EF024D974FC0036A9F9 /* ContentView.swift */,
				29928F0024D992DA0036A9F9 /* HomeView.swift */,
				29928F0324D998750036A9F9 /* TotalView.swift */,
			);
			path = Views;
			sourceTree = "<group>";
		};
		29928F0A24D9A6070036A9F9 /* Models */ = {
			isa = PBXGroup;
			children = (
				29928F0824D9A6030036A9F9 /* CovidData.swift */,
				29928F0B24D9A84A0036A9F9 /* CovidManager.swift */,
				29928F0D24D9B7830036A9F9 /* CovidModel.swift */,
			);
			path = Models;
			sourceTree = "<group>";
		};
/* End PBXGroup section */

/* Begin PBXNativeTarget section */
		29928EE824D974FC0036A9F9 /* COVID 19 */ = {
			isa = PBXNativeTarget;
			buildConfigurationList = 29928EFD24D974FE0036A9F9 /* Build configuration list for PBXNativeTarget "COVID 19" */;
			buildPhases = (
				29928EE524D974FC0036A9F9 /* Sources */,
				29928EE624D974FC0036A9F9 /* Frameworks */,
				29928EE724D974FC0036A9F9 /* Resources */,
			);
			buildRules = (
			);
			dependencies = (
			);
			name = "COVID 19";
			productName = "COVID 19";
			productReference = 29928EE924D974FC0036A9F9 /* COVID 19.app */;
			productType = "com.apple.product-type.application";
		};
/* End PBXNativeTarget section */

/* Begin PBXProject section */
		29928EE124D974FC0036A9F9 /* Project object */ = {
			isa = PBXProject;
			attributes = {
				LastSwiftUpdateCheck = 1160;
				LastUpgradeCheck = 1160;
				ORGANIZATIONNAME = "Александров Денис Александрович";
				TargetAttributes = {
					29928EE824D974FC0036A9F9 = {
						CreatedOnToolsVersion = 11.6;
					};
				};
			};
			buildConfigurationList = 29928EE424D974FC0036A9F9 /* Build configuration list for PBXProject "COVID 19" */;
			compatibilityVersion = "Xcode 9.3";
			developmentRegion = en;
			hasScannedForEncodings = 0;
			knownRegions = (
				en,
				Base,
			);
			mainGroup = 29928EE024D974FC0036A9F9;
			productRefGroup = 29928EEA24D974FC0036A9F9 /* Products */;
			projectDirPath = "";
			projectRoot = "";
			targets = (
				29928EE824D974FC0036A9F9 /* COVID 19 */,
			);
		};
/* End PBXProject section */

/* Begin PBXResourcesBuildPhase section */
		29928EE724D974FC0036A9F9 /* Resources */ = {
			isa = PBXResourcesBuildPhase;
			buildActionMask = 2147483647;
			files = (
				29928EF924D974FE0036A9F9 /* LaunchScreen.storyboard in Resources */,
				29928EF624D974FE0036A9F9 /* Preview Assets.xcassets in Resources */,
				29928EF324D974FE0036A9F9 /* Assets.xcassets in Resources */,
			);
			runOnlyForDeploymentPostprocessing = 0;
		};
/* End PBXResourcesBuildPhase section */

/* Begin PBXSourcesBuildPhase section */
		29928EE524D974FC0036A9F9 /* Sources */ = {
			isa = PBXSourcesBuildPhase;
			buildActionMask = 2147483647;
			files = (
				29928F0924D9A6030036A9F9 /* CovidData.swift in Sources */,
				29928EED24D974FC0036A9F9 /* AppDelegate.swift in Sources */,
				29928F0124D992DA0036A9F9 /* HomeView.swift in Sources */,
				29928F0E24D9B7830036A9F9 /* CovidModel.swift in Sources */,
				29928EEF24D974FC0036A9F9 /* SceneDelegate.swift in Sources */,
				29928F0C24D9A84A0036A9F9 /* CovidManager.swift in Sources */,
				29928F0424D998750036A9F9 /* TotalView.swift in Sources */,
				29928EF124D974FC0036A9F9 /* ContentView.swift in Sources */,
			);
			runOnlyForDeploymentPostprocessing = 0;
		};
/* End PBXSourcesBuildPhase section */

/* Begin PBXVariantGroup section */
		29928EF724D974FE0036A9F9 /* LaunchScreen.storyboard */ = {
			isa = PBXVariantGroup;
			children = (
				29928EF824D974FE0036A9F9 /* Base */,
			);
			name = LaunchScreen.storyboard;
			sourceTree = "<group>";
		};
/* End PBXVariantGroup section */

/* Begin XCBuildConfiguration section */
		29928EFB24D974FE0036A9F9 /* Debug */ = {
			isa = XCBuildConfiguration;
			buildSettings = {
				ALWAYS_SEARCH_USER_PATHS = NO;
				CLANG_ANALYZER_NONNULL = YES;
				CLANG_ANALYZER_NUMBER_OBJECT_CONVERSION = YES_AGGRESSIVE;
				CLANG_CXX_LANGUAGE_STANDARD = "gnu++14";
				CLANG_CXX_LIBRARY = "libc++";
				CLANG_ENABLE_MODULES = YES;
				CLANG_ENABLE_OBJC_ARC = YES;
				CLANG_ENABLE_OBJC_WEAK = YES;
				CLANG_WARN_BLOCK_CAPTURE_AUTORELEASING = YES;
				CLANG_WARN_BOOL_CONVERSION = YES;
				CLANG_WARN_COMMA = YES;
				CLANG_WARN_CONSTANT_CONVERSION = YES;
				CLANG_WARN_DEPRECATED_OBJC_IMPLEMENTATIONS = YES;
				CLANG_WARN_DIRECT_OBJC_ISA_USAGE = YES_ERROR;
				CLANG_WARN_DOCUMENTATION_COMMENTS = YES;
				CLANG_WARN_EMPTY_BODY = YES;
				CLANG_WARN_ENUM_CONVERSION = YES;
				CLANG_WARN_INFINITE_RECURSION = YES;
				CLANG_WARN_INT_CONVERSION = YES;
				CLANG_WARN_NON_LITERAL_NULL_CONVERSION = YES;
				CLANG_WARN_OBJC_IMPLICIT_RETAIN_SELF = YES;
				CLANG_WARN_OBJC_LITERAL_CONVERSION = YES;
				CLANG_WARN_OBJC_ROOT_CLASS = YES_ERROR;
				CLANG_WARN_RANGE_LOOP_ANALYSIS = YES;
				CLANG_WARN_STRICT_PROTOTYPES = YES;
				CLANG_WARN_SUSPICIOUS_MOVE = YES;
				CLANG_WARN_UNGUARDED_AVAILABILITY = YES_AGGRESSIVE;
				CLANG_WARN_UNREACHABLE_CODE = YES;
				CLANG_WARN__DUPLICATE_METHOD_MATCH = YES;
				COPY_PHASE_STRIP = NO;
				DEBUG_INFORMATION_FORMAT = dwarf;
				ENABLE_STRICT_OBJC_MSGSEND = YES;
				ENABLE_TESTABILITY = YES;
				GCC_C_LANGUAGE_STANDARD = gnu11;
				GCC_DYNAMIC_NO_PIC = NO;
				GCC_NO_COMMON_BLOCKS = YES;
				GCC_OPTIMIZATION_LEVEL = 0;
				GCC_PREPROCESSOR_DEFINITIONS = (
					"DEBUG=1",
					"$(inherited)",
				);
				GCC_WARN_64_TO_32_BIT_CONVERSION = YES;
				GCC_WARN_ABOUT_RETURN_TYPE = YES_ERROR;
				GCC_WARN_UNDECLARED_SELECTOR = YES;
				GCC_WARN_UNINITIALIZED_AUTOS = YES_AGGRESSIVE;
				GCC_WARN_UNUSED_FUNCTION = YES;
				GCC_WARN_UNUSED_VARIABLE = YES;
				IPHONEOS_DEPLOYMENT_TARGET = 13.6;
				MTL_ENABLE_DEBUG_INFO = INCLUDE_SOURCE;
				MTL_FAST_MATH = YES;
				ONLY_ACTIVE_ARCH = YES;
				SDKROOT = iphoneos;
				SWIFT_ACTIVE_COMPILATION_CONDITIONS = DEBUG;
				SWIFT_OPTIMIZATION_LEVEL = "-Onone";
			};
			name = Debug;
		};
		29928EFC24D974FE0036A9F9 /* Release */ = {
			isa = XCBuildConfiguration;
			buildSettings = {
				ALWAYS_SEARCH_USER_PATHS = NO;
				CLANG_ANALYZER_NONNULL = YES;
				CLANG_ANALYZER_NUMBER_OBJECT_CONVERSION = YES_AGGRESSIVE;
				CLANG_CXX_LANGUAGE_STANDARD = "gnu++14";
				CLANG_CXX_LIBRARY = "libc++";
				CLANG_ENABLE_MODULES = YES;
				CLANG_ENABLE_OBJC_ARC = YES;
				CLANG_ENABLE_OBJC_WEAK = YES;
				CLANG_WARN_BLOCK_CAPTURE_AUTORELEASING = YES;
				CLANG_WARN_BOOL_CONVERSION = YES;
				CLANG_WARN_COMMA = YES;
				CLANG_WARN_CONSTANT_CONVERSION = YES;
				CLANG_WARN_DEPRECATED_OBJC_IMPLEMENTATIONS = YES;
				CLANG_WARN_DIRECT_OBJC_ISA_USAGE = YES_ERROR;
				CLANG_WARN_DOCUMENTATION_COMMENTS = YES;
				CLANG_WARN_EMPTY_BODY = YES;
				CLANG_WARN_ENUM_CONVERSION = YES;
				CLANG_WARN_INFINITE_RECURSION = YES;
				CLANG_WARN_INT_CONVERSION = YES;
				CLANG_WARN_NON_LITERAL_NULL_CONVERSION = YES;
				CLANG_WARN_OBJC_IMPLICIT_RETAIN_SELF = YES;
				CLANG_WARN_OBJC_LITERAL_CONVERSION = YES;
				CLANG_WARN_OBJC_ROOT_CLASS = YES_ERROR;
				CLANG_WARN_RANGE_LOOP_ANALYSIS = YES;
				CLANG_WARN_STRICT_PROTOTYPES = YES;
				CLANG_WARN_SUSPICIOUS_MOVE = YES;
				CLANG_WARN_UNGUARDED_AVAILABILITY = YES_AGGRESSIVE;
				CLANG_WARN_UNREACHABLE_CODE = YES;
				CLANG_WARN__DUPLICATE_METHOD_MATCH = YES;
				COPY_PHASE_STRIP = NO;
				DEBUG_INFORMATION_FORMAT = "dwarf-with-dsym";
				ENABLE_NS_ASSERTIONS = NO;
				ENABLE_STRICT_OBJC_MSGSEND = YES;
				GCC_C_LANGUAGE_STANDARD = gnu11;
				GCC_NO_COMMON_BLOCKS = YES;
				GCC_WARN_64_TO_32_BIT_CONVERSION = YES;
				GCC_WARN_ABOUT_RETURN_TYPE = YES_ERROR;
				GCC_WARN_UNDECLARED_SELECTOR = YES;
				GCC_WARN_UNINITIALIZED_AUTOS = YES_AGGRESSIVE;
				GCC_WARN_UNUSED_FUNCTION = YES;
				GCC_WARN_UNUSED_VARIABLE = YES;
				IPHONEOS_DEPLOYMENT_TARGET = 13.6;
				MTL_ENABLE_DEBUG_INFO = NO;
				MTL_FAST_MATH = YES;
				SDKROOT = iphoneos;
				SWIFT_COMPILATION_MODE = wholemodule;
				SWIFT_OPTIMIZATION_LEVEL = "-O";
				VALIDATE_PRODUCT = YES;
			};
			name = Release;
		};
		29928EFE24D974FE0036A9F9 /* Debug */ = {
			isa = XCBuildConfiguration;
			buildSettings = {
				ASSETCATALOG_COMPILER_APPICON_NAME = AppIcon;
				CODE_SIGN_STYLE = Automatic;
				DEVELOPMENT_ASSET_PATHS = "\"COVID 19/Preview Content\"";
				DEVELOPMENT_TEAM = U6U7U5CXA5;
				ENABLE_PREVIEWS = YES;
				INFOPLIST_FILE = "COVID 19/Info.plist";
				LD_RUNPATH_SEARCH_PATHS = (
					"$(inherited)",
					"@executable_path/Frameworks",
				);
				PRODUCT_BUNDLE_IDENTIFIER = "com.denchiklut.COVID-19";
				PRODUCT_NAME = "$(TARGET_NAME)";
				SWIFT_VERSION = 5.0;
				TARGETED_DEVICE_FAMILY = "1,2";
			};
			name = Debug;
		};
		29928EFF24D974FE0036A9F9 /* Release */ = {
			isa = XCBuildConfiguration;
			buildSettings = {
				ASSETCATALOG_COMPILER_APPICON_NAME = AppIcon;
				CODE_SIGN_STYLE = Automatic;
				DEVELOPMENT_ASSET_PATHS = "\"COVID 19/Preview Content\"";
				DEVELOPMENT_TEAM = U6U7U5CXA5;
				ENABLE_PREVIEWS = YES;
				INFOPLIST_FILE = "COVID 19/Info.plist";
				LD_RUNPATH_SEARCH_PATHS = (
					"$(inherited)",
					"@executable_path/Frameworks",
				);
				PRODUCT_BUNDLE_IDENTIFIER = "com.denchiklut.COVID-19";
				PRODUCT_NAME = "$(TARGET_NAME)";
				SWIFT_VERSION = 5.0;
				TARGETED_DEVICE_FAMILY = "1,2";
			};
			name = Release;
		};
/* End XCBuildConfiguration section */

/* Begin XCConfigurationList section */
		29928EE424D974FC0036A9F9 /* Build configuration list for PBXProject "COVID 19" */ = {
			isa = XCConfigurationList;
			buildConfigurations = (
				29928EFB24D974FE0036A9F9 /* Debug */,
				29928EFC24D974FE0036A9F9 /* Release */,
			);
			defaultConfigurationIsVisible = 0;
			defaultConfigurationName = Release;
		};
		29928EFD24D974FE0036A9F9 /* Build configuration list for PBXNativeTarget "COVID 19" */ = {
			isa = XCConfigurationList;
			buildConfigurations = (
				29928EFE24D974FE0036A9F9 /* Debug */,
				29928EFF24D974FE0036A9F9 /* Release */,
			);
			defaultConfigurationIsVisible = 0;
			defaultConfigurationName = Release;
		};
/* End XCConfigurationList section */
	};
	rootObject = 29928EE124D974FC0036A9F9 /* Project object */;
}
